
Microsoft Visual Studio Solution File, Format Version 12.00
# Visual Studio 14
VisualStudioVersion = 14.0.25420.1
MinimumVisualStudioVersion = 10.0.40219.1
Project("{FAE04EC0-301F-11D3-BF4B-00C04F79EFBC}") = "AddressbookApp", "AddressbookApp\AddressbookApp\AddressbookApp.csproj", "{0708F609-9083-4164-9056-B48A51C15212}"
EndProject
Project("{FAE04EC0-301F-11D3-BF4B-00C04F79EFBC}") = "AddressbookApp.Droid", "AddressbookApp\AddressbookApp.Droid\AddressbookApp.Droid.csproj", "{039F62E0-E8AB-4C0C-BF37-8127DA502A7D}"
EndProject
Project("{FAE04EC0-301F-11D3-BF4B-00C04F79EFBC}") = "AddressbookApp.iOS", "AddressbookApp\AddressbookApp.iOS\AddressbookApp.iOS.csproj", "{42B94745-001E-4908-B996-DA27FA7B9637}"
EndProject
Project("{FAE04EC0-301F-11D3-BF4B-00C04F79EFBC}") = "AddressbookApp.WinPhone", "AddressbookApp\AddressbookApp.WinPhone\AddressbookApp.WinPhone.csproj", "{6E38F29B-1923-48D8-A0D8-4D024E946739}"
EndProject
Project("{FAE04EC0-301F-11D3-BF4B-00C04F79EFBC}") = "AddressbookApp.UWP", "AddressbookApp\AddressbookApp.UWP\AddressbookApp.UWP.csproj", "{DF178735-6985-4646-B718-4BBE4A3D47E3}"
EndProject
Project("{FAE04EC0-301F-11D3-BF4B-00C04F79EFBC}") = "AddressbookApp.Windows", "AddressbookApp\AddressbookApp.Windows\AddressbookApp.Windows.csproj", "{24F276DD-3320-4650-A702-EA26B2771604}"
EndProject
Global
	GlobalSection(SolutionConfigurationPlatforms) = preSolution
		Ad-Hoc|Any CPU = Ad-Hoc|Any CPU
		Ad-Hoc|ARM = Ad-Hoc|ARM
		Ad-Hoc|iPhone = Ad-Hoc|iPhone
		Ad-Hoc|iPhoneSimulator = Ad-Hoc|iPhoneSimulator
		Ad-Hoc|x64 = Ad-Hoc|x64
		Ad-Hoc|x86 = Ad-Hoc|x86
		AppStore|Any CPU = AppStore|Any CPU
		AppStore|ARM = AppStore|ARM
		AppStore|iPhone = AppStore|iPhone
		AppStore|iPhoneSimulator = AppStore|iPhoneSimulator
		AppStore|x64 = AppStore|x64
		AppStore|x86 = AppStore|x86
		Debug|Any CPU = Debug|Any CPU
		Debug|ARM = Debug|ARM
		Debug|iPhone = Debug|iPhone
		Debug|iPhoneSimulator = Debug|iPhoneSimulator
		Debug|x64 = Debug|x64
		Debug|x86 = Debug|x86
		Release|Any CPU = Release|Any CPU
		Release|ARM = Release|ARM
		Release|iPhone = Release|iPhone
		Release|iPhoneSimulator = Release|iPhoneSimulator
		Release|x64 = Release|x64
		Release|x86 = Release|x86
	EndGlobalSection
	GlobalSection(ProjectConfigurationPlatforms) = postSolution
		{0708F609-9083-4164-9056-B48A51C15212}.Ad-Hoc|Any CPU.ActiveCfg = Release|Any CPU
		{0708F609-9083-4164-9056-B48A51C15212}.Ad-Hoc|Any CPU.Build.0 = Release|Any CPU
		{0708F609-9083-4164-9056-B48A51C15212}.Ad-Hoc|ARM.ActiveCfg = Release|Any CPU
		{0708F609-9083-4164-9056-B48A51C15212}.Ad-Hoc|ARM.Build.0 = Release|Any CPU
		{0708F609-9083-4164-9056-B48A51C15212}.Ad-Hoc|iPhone.ActiveCfg = Release|Any CPU
		{0708F609-9083-4164-9056-B48A51C15212}.Ad-Hoc|iPhone.Build.0 = Release|Any CPU
		{0708F609-9083-4164-9056-B48A51C15212}.Ad-Hoc|iPhoneSimulator.ActiveCfg = Release|Any CPU
		{0708F609-9083-4164-9056-B48A51C15212}.Ad-Hoc|iPhoneSimulator.Build.0 = Release|Any CPU
		{0708F609-9083-4164-9056-B48A51C15212}.Ad-Hoc|x64.ActiveCfg = Release|Any CPU
		{0708F609-9083-4164-9056-B48A51C15212}.Ad-Hoc|x64.Build.0 = Release|Any CPU
		{0708F609-9083-4164-9056-B48A51C15212}.Ad-Hoc|x86.ActiveCfg = Release|Any CPU
		{0708F609-9083-4164-9056-B48A51C15212}.Ad-Hoc|x86.Build.0 = Release|Any CPU
		{0708F609-9083-4164-9056-B48A51C15212}.AppStore|Any CPU.ActiveCfg = Release|Any CPU
		{0708F609-9083-4164-9056-B48A51C15212}.AppStore|Any CPU.Build.0 = Release|Any CPU
		{0708F609-9083-4164-9056-B48A51C15212}.AppStore|ARM.ActiveCfg = Release|Any CPU
		{0708F609-9083-4164-9056-B48A51C15212}.AppStore|ARM.Build.0 = Release|Any CPU
		{0708F609-9083-4164-9056-B48A51C15212}.AppStore|iPhone.ActiveCfg = Release|Any CPU
		{0708F609-9083-4164-9056-B48A51C15212}.AppStore|iPhone.Build.0 = Release|Any CPU
		{0708F609-9083-4164-9056-B48A51C15212}.AppStore|iPhoneSimulator.ActiveCfg = Release|Any CPU
		{0708F609-9083-4164-9056-B48A51C15212}.AppStore|iPhoneSimulator.Build.0 = Release|Any CPU
		{0708F609-9083-4164-9056-B48A51C15212}.AppStore|x64.ActiveCfg = Release|Any CPU
		{0708F609-9083-4164-9056-B48A51C15212}.AppStore|x64.Build.0 = Release|Any CPU
		{0708F609-9083-4164-9056-B48A51C15212}.AppStore|x86.ActiveCfg = Release|Any CPU
		{0708F609-9083-4164-9056-B48A51C15212}.AppStore|x86.Build.0 = Release|Any CPU
		{0708F609-9083-4164-9056-B48A51C15212}.Debug|Any CPU.ActiveCfg = Debug|Any CPU
		{0708F609-9083-4164-9056-B48A51C15212}.Debug|Any CPU.Build.0 = Debug|Any CPU
		{0708F609-9083-4164-9056-B48A51C15212}.Debug|ARM.ActiveCfg = Debug|Any CPU
		{0708F609-9083-4164-9056-B48A51C15212}.Debug|ARM.Build.0 = Debug|Any CPU
		{0708F609-9083-4164-9056-B48A51C15212}.Debug|iPhone.ActiveCfg = Debug|Any CPU
		{0708F609-9083-4164-9056-B48A51C15212}.Debug|iPhone.Build.0 = Debug|Any CPU
		{0708F609-9083-4164-9056-B48A51C15212}.Debug|iPhoneSimulator.ActiveCfg = Debug|Any CPU
		{0708F609-9083-4164-9056-B48A51C15212}.Debug|iPhoneSimulator.Build.0 = Debug|Any CPU
		{0708F609-9083-4164-9056-B48A51C15212}.Debug|x64.ActiveCfg = Debug|Any CPU
		{0708F609-9083-4164-9056-B48A51C15212}.Debug|x64.Build.0 = Debug|Any CPU
		{0708F609-9083-4164-9056-B48A51C15212}.Debug|x86.ActiveCfg = Debug|Any CPU
		{0708F609-9083-4164-9056-B48A51C15212}.Debug|x86.Build.0 = Debug|Any CPU
		{0708F609-9083-4164-9056-B48A51C15212}.Release|Any CPU.ActiveCfg = Release|Any CPU
		{0708F609-9083-4164-9056-B48A51C15212}.Release|Any CPU.Build.0 = Release|Any CPU
		{0708F609-9083-4164-9056-B48A51C15212}.Release|ARM.ActiveCfg = Release|Any CPU
		{0708F609-9083-4164-9056-B48A51C15212}.Release|ARM.Build.0 = Release|Any CPU
		{0708F609-9083-4164-9056-B48A51C15212}.Release|iPhone.ActiveCfg = Release|Any CPU
		{0708F609-9083-4164-9056-B48A51C15212}.Release|iPhone.Build.0 = Release|Any CPU
		{0708F609-9083-4164-9056-B48A51C15212}.Release|iPhoneSimulator.ActiveCfg = Release|Any CPU
		{0708F609-9083-4164-9056-B48A51C15212}.Release|iPhoneSimulator.Build.0 = Release|Any CPU
		{0708F609-9083-4164-9056-B48A51C15212}.Release|x64.ActiveCfg = Release|Any CPU
		{0708F609-9083-4164-9056-B48A51C15212}.Release|x64.Build.0 = Release|Any CPU
		{0708F609-9083-4164-9056-B48A51C15212}.Release|x86.ActiveCfg = Release|Any CPU
		{0708F609-9083-4164-9056-B48A51C15212}.Release|x86.Build.0 = Release|Any CPU
		{039F62E0-E8AB-4C0C-BF37-8127DA502A7D}.Ad-Hoc|Any CPU.ActiveCfg = Release|Any CPU
		{039F62E0-E8AB-4C0C-BF37-8127DA502A7D}.Ad-Hoc|Any CPU.Build.0 = Release|Any CPU
		{039F62E0-E8AB-4C0C-BF37-8127DA502A7D}.Ad-Hoc|Any CPU.Deploy.0 = Release|Any CPU
		{039F62E0-E8AB-4C0C-BF37-8127DA502A7D}.Ad-Hoc|ARM.ActiveCfg = Release|Any CPU
		{039F62E0-E8AB-4C0C-BF37-8127DA502A7D}.Ad-Hoc|ARM.Build.0 = Release|Any CPU
		{039F62E0-E8AB-4C0C-BF37-8127DA502A7D}.Ad-Hoc|ARM.Deploy.0 = Release|Any CPU
		{039F62E0-E8AB-4C0C-BF37-8127DA502A7D}.Ad-Hoc|iPhone.ActiveCfg = Release|Any CPU
		{039F62E0-E8AB-4C0C-BF37-8127DA502A7D}.Ad-Hoc|iPhone.Build.0 = Release|Any CPU
		{039F62E0-E8AB-4C0C-BF37-8127DA502A7D}.Ad-Hoc|iPhone.Deploy.0 = Release|Any CPU
		{039F62E0-E8AB-4C0C-BF37-8127DA502A7D}.Ad-Hoc|iPhoneSimulator.ActiveCfg = Release|Any CPU
		{039F62E0-E8AB-4C0C-BF37-8127DA502A7D}.Ad-Hoc|iPhoneSimulator.Build.0 = Release|Any CPU
		{039F62E0-E8AB-4C0C-BF37-8127DA502A7D}.Ad-Hoc|iPhoneSimulator.Deploy.0 = Release|Any CPU
		{039F62E0-E8AB-4C0C-BF37-8127DA502A7D}.Ad-Hoc|x64.ActiveCfg = Release|Any CPU
		{039F62E0-E8AB-4C0C-BF37-8127DA502A7D}.Ad-Hoc|x64.Build.0 = Release|Any CPU
		{039F62E0-E8AB-4C0C-BF37-8127DA502A7D}.Ad-Hoc|x64.Deploy.0 = Release|Any CPU
		{039F62E0-E8AB-4C0C-BF37-8127DA502A7D}.Ad-Hoc|x86.ActiveCfg = Release|Any CPU
		{039F62E0-E8AB-4C0C-BF37-8127DA502A7D}.Ad-Hoc|x86.Build.0 = Release|Any CPU
		{039F62E0-E8AB-4C0C-BF37-8127DA502A7D}.Ad-Hoc|x86.Deploy.0 = Release|Any CPU
		{039F62E0-E8AB-4C0C-BF37-8127DA502A7D}.AppStore|Any CPU.ActiveCfg = Release|Any CPU
		{039F62E0-E8AB-4C0C-BF37-8127DA502A7D}.AppStore|Any CPU.Build.0 = Release|Any CPU
		{039F62E0-E8AB-4C0C-BF37-8127DA502A7D}.AppStore|Any CPU.Deploy.0 = Release|Any CPU
		{039F62E0-E8AB-4C0C-BF37-8127DA502A7D}.AppStore|ARM.ActiveCfg = Release|Any CPU
		{039F62E0-E8AB-4C0C-BF37-8127DA502A7D}.AppStore|ARM.Build.0 = Release|Any CPU
		{039F62E0-E8AB-4C0C-BF37-8127DA502A7D}.AppStore|ARM.Deploy.0 = Release|Any CPU
		{039F62E0-E8AB-4C0C-BF37-8127DA502A7D}.AppStore|iPhone.ActiveCfg = Release|Any CPU
		{039F62E0-E8AB-4C0C-BF37-8127DA502A7D}.AppStore|iPhone.Build.0 = Release|Any CPU
		{039F62E0-E8AB-4C0C-BF37-8127DA502A7D}.AppStore|iPhone.Deploy.0 = Release|Any CPU
		{039F62E0-E8AB-4C0C-BF37-8127DA502A7D}.AppStore|iPhoneSimulator.ActiveCfg = Release|Any CPU
		{039F62E0-E8AB-4C0C-BF37-8127DA502A7D}.AppStore|iPhoneSimulator.Build.0 = Release|Any CPU
		{039F62E0-E8AB-4C0C-BF37-8127DA502A7D}.AppStore|iPhoneSimulator.Deploy.0 = Release|Any CPU
		{039F62E0-E8AB-4C0C-BF37-8127DA502A7D}.AppStore|x64.ActiveCfg = Release|Any CPU
		{039F62E0-E8AB-4C0C-BF37-8127DA502A7D}.AppStore|x64.Build.0 = Release|Any CPU
		{039F62E0-E8AB-4C0C-BF37-8127DA502A7D}.AppStore|x64.Deploy.0 = Release|Any CPU
		{039F62E0-E8AB-4C0C-BF37-8127DA502A7D}.AppStore|x86.ActiveCfg = Release|Any CPU
		{039F62E0-E8AB-4C0C-BF37-8127DA502A7D}.AppStore|x86.Build.0 = Release|Any CPU
		{039F62E0-E8AB-4C0C-BF37-8127DA502A7D}.AppStore|x86.Deploy.0 = Release|Any CPU
		{039F62E0-E8AB-4C0C-BF37-8127DA502A7D}.Debug|Any CPU.ActiveCfg = Debug|Any CPU
		{039F62E0-E8AB-4C0C-BF37-8127DA502A7D}.Debug|Any CPU.Build.0 = Debug|Any CPU
		{039F62E0-E8AB-4C0C-BF37-8127DA502A7D}.Debug|Any CPU.Deploy.0 = Debug|Any CPU
		{039F62E0-E8AB-4C0C-BF37-8127DA502A7D}.Debug|ARM.ActiveCfg = Debug|Any CPU
		{039F62E0-E8AB-4C0C-BF37-8127DA502A7D}.Debug|ARM.Build.0 = Debug|Any CPU
		{039F62E0-E8AB-4C0C-BF37-8127DA502A7D}.Debug|ARM.Deploy.0 = Debug|Any CPU
		{039F62E0-E8AB-4C0C-BF37-8127DA502A7D}.Debug|iPhone.ActiveCfg = Debug|Any CPU
		{039F62E0-E8AB-4C0C-BF37-8127DA502A7D}.Debug|iPhone.Build.0 = Debug|Any CPU
		{039F62E0-E8AB-4C0C-BF37-8127DA502A7D}.Debug|iPhone.Deploy.0 = Debug|Any CPU
		{039F62E0-E8AB-4C0C-BF37-8127DA502A7D}.Debug|iPhoneSimulator.ActiveCfg = Debug|Any CPU
		{039F62E0-E8AB-4C0C-BF37-8127DA502A7D}.Debug|iPhoneSimulator.Build.0 = Debug|Any CPU
		{039F62E0-E8AB-4C0C-BF37-8127DA502A7D}.Debug|iPhoneSimulator.Deploy.0 = Debug|Any CPU
		{039F62E0-E8AB-4C0C-BF37-8127DA502A7D}.Debug|x64.ActiveCfg = Debug|Any CPU
		{039F62E0-E8AB-4C0C-BF37-8127DA502A7D}.Debug|x64.Build.0 = Debug|Any CPU
		{039F62E0-E8AB-4C0C-BF37-8127DA502A7D}.Debug|x64.Deploy.0 = Debug|Any CPU
		{039F62E0-E8AB-4C0C-BF37-8127DA502A7D}.Debug|x86.ActiveCfg = Debug|Any CPU
		{039F62E0-E8AB-4C0C-BF37-8127DA502A7D}.Debug|x86.Build.0 = Debug|Any CPU
		{039F62E0-E8AB-4C0C-BF37-8127DA502A7D}.Debug|x86.Deploy.0 = Debug|Any CPU
		{039F62E0-E8AB-4C0C-BF37-8127DA502A7D}.Release|Any CPU.ActiveCfg = Release|Any CPU
		{039F62E0-E8AB-4C0C-BF37-8127DA502A7D}.Release|Any CPU.Build.0 = Release|Any CPU
		{039F62E0-E8AB-4C0C-BF37-8127DA502A7D}.Release|Any CPU.Deploy.0 = Release|Any CPU
		{039F62E0-E8AB-4C0C-BF37-8127DA502A7D}.Release|ARM.ActiveCfg = Release|Any CPU
		{039F62E0-E8AB-4C0C-BF37-8127DA502A7D}.Release|ARM.Build.0 = Release|Any CPU
		{039F62E0-E8AB-4C0C-BF37-8127DA502A7D}.Release|ARM.Deploy.0 = Release|Any CPU
		{039F62E0-E8AB-4C0C-BF37-8127DA502A7D}.Release|iPhone.ActiveCfg = Release|Any CPU
		{039F62E0-E8AB-4C0C-BF37-8127DA502A7D}.Release|iPhone.Build.0 = Release|Any CPU
		{039F62E0-E8AB-4C0C-BF37-8127DA502A7D}.Release|iPhone.Deploy.0 = Release|Any CPU
		{039F62E0-E8AB-4C0C-BF37-8127DA502A7D}.Release|iPhoneSimulator.ActiveCfg = Release|Any CPU
		{039F62E0-E8AB-4C0C-BF37-8127DA502A7D}.Release|iPhoneSimulator.Build.0 = Release|Any CPU
		{039F62E0-E8AB-4C0C-BF37-8127DA502A7D}.Release|iPhoneSimulator.Deploy.0 = Release|Any CPU
		{039F62E0-E8AB-4C0C-BF37-8127DA502A7D}.Release|x64.ActiveCfg = Release|Any CPU
		{039F62E0-E8AB-4C0C-BF37-8127DA502A7D}.Release|x64.Build.0 = Release|Any CPU
		{039F62E0-E8AB-4C0C-BF37-8127DA502A7D}.Release|x64.Deploy.0 = Release|Any CPU
		{039F62E0-E8AB-4C0C-BF37-8127DA502A7D}.Release|x86.ActiveCfg = Release|Any CPU
		{039F62E0-E8AB-4C0C-BF37-8127DA502A7D}.Release|x86.Build.0 = Release|Any CPU
		{039F62E0-E8AB-4C0C-BF37-8127DA502A7D}.Release|x86.Deploy.0 = Release|Any CPU
		{42B94745-001E-4908-B996-DA27FA7B9637}.Ad-Hoc|Any CPU.ActiveCfg = Ad-Hoc|iPhone
		{42B94745-001E-4908-B996-DA27FA7B9637}.Ad-Hoc|ARM.ActiveCfg = Ad-Hoc|iPhone
		{42B94745-001E-4908-B996-DA27FA7B9637}.Ad-Hoc|iPhone.ActiveCfg = Ad-Hoc|iPhone
		{42B94745-001E-4908-B996-DA27FA7B9637}.Ad-Hoc|iPhone.Build.0 = Ad-Hoc|iPhone
		{42B94745-001E-4908-B996-DA27FA7B9637}.Ad-Hoc|iPhoneSimulator.ActiveCfg = Ad-Hoc|iPhoneSimulator
		{42B94745-001E-4908-B996-DA27FA7B9637}.Ad-Hoc|iPhoneSimulator.Build.0 = Ad-Hoc|iPhoneSimulator
		{42B94745-001E-4908-B996-DA27FA7B9637}.Ad-Hoc|x64.ActiveCfg = Ad-Hoc|iPhone
		{42B94745-001E-4908-B996-DA27FA7B9637}.Ad-Hoc|x86.ActiveCfg = Ad-Hoc|iPhone
		{42B94745-001E-4908-B996-DA27FA7B9637}.AppStore|Any CPU.ActiveCfg = AppStore|iPhone
		{42B94745-001E-4908-B996-DA27FA7B9637}.AppStore|ARM.ActiveCfg = AppStore|iPhone
		{42B94745-001E-4908-B996-DA27FA7B9637}.AppStore|iPhone.ActiveCfg = AppStore|iPhone
		{42B94745-001E-4908-B996-DA27FA7B9637}.AppStore|iPhone.Build.0 = AppStore|iPhone
		{42B94745-001E-4908-B996-DA27FA7B9637}.AppStore|iPhoneSimulator.ActiveCfg = AppStore|iPhoneSimulator
		{42B94745-001E-4908-B996-DA27FA7B9637}.AppStore|iPhoneSimulator.Build.0 = AppStore|iPhoneSimulator
		{42B94745-001E-4908-B996-DA27FA7B9637}.AppStore|x64.ActiveCfg = AppStore|iPhone
		{42B94745-001E-4908-B996-DA27FA7B9637}.AppStore|x86.ActiveCfg = AppStore|iPhone
		{42B94745-001E-4908-B996-DA27FA7B9637}.Debug|Any CPU.ActiveCfg = Debug|iPhone
		{42B94745-001E-4908-B996-DA27FA7B9637}.Debug|ARM.ActiveCfg = Debug|iPhone
		{42B94745-001E-4908-B996-DA27FA7B9637}.Debug|iPhone.ActiveCfg = Debug|iPhone
		{42B94745-001E-4908-B996-DA27FA7B9637}.Debug|iPhone.Build.0 = Debug|iPhone
		{42B94745-001E-4908-B996-DA27FA7B9637}.Debug|iPhoneSimulator.ActiveCfg = Debug|iPhoneSimulator
		{42B94745-001E-4908-B996-DA27FA7B9637}.Debug|iPhoneSimulator.Build.0 = Debug|iPhoneSimulator
		{42B94745-001E-4908-B996-DA27FA7B9637}.Debug|x64.ActiveCfg = Debug|iPhone
		{42B94745-001E-4908-B996-DA27FA7B9637}.Debug|x86.ActiveCfg = Debug|iPhone
		{42B94745-001E-4908-B996-DA27FA7B9637}.Release|Any CPU.ActiveCfg = Release|iPhone
		{42B94745-001E-4908-B996-DA27FA7B9637}.Release|ARM.ActiveCfg = Release|iPhone
		{42B94745-001E-4908-B996-DA27FA7B9637}.Release|iPhone.ActiveCfg = Release|iPhone
		{42B94745-001E-4908-B996-DA27FA7B9637}.Release|iPhone.Build.0 = Release|iPhone
		{42B94745-001E-4908-B996-DA27FA7B9637}.Release|iPhoneSimulator.ActiveCfg = Release|iPhoneSimulator
		{42B94745-001E-4908-B996-DA27FA7B9637}.Release|iPhoneSimulator.Build.0 = Release|iPhoneSimulator
		{42B94745-001E-4908-B996-DA27FA7B9637}.Release|x64.ActiveCfg = Release|iPhone
		{42B94745-001E-4908-B996-DA27FA7B9637}.Release|x86.ActiveCfg = Release|iPhone
		{6E38F29B-1923-48D8-A0D8-4D024E946739}.Ad-Hoc|Any CPU.ActiveCfg = Release|Any CPU
		{6E38F29B-1923-48D8-A0D8-4D024E946739}.Ad-Hoc|Any CPU.Build.0 = Release|Any CPU
		{6E38F29B-1923-48D8-A0D8-4D024E946739}.Ad-Hoc|Any CPU.Deploy.0 = Release|Any CPU
		{6E38F29B-1923-48D8-A0D8-4D024E946739}.Ad-Hoc|ARM.ActiveCfg = Release|ARM
		{6E38F29B-1923-48D8-A0D8-4D024E946739}.Ad-Hoc|ARM.Build.0 = Release|ARM
		{6E38F29B-1923-48D8-A0D8-4D024E946739}.Ad-Hoc|ARM.Deploy.0 = Release|ARM
		{6E38F29B-1923-48D8-A0D8-4D024E946739}.Ad-Hoc|iPhone.ActiveCfg = Release|Any CPU
		{6E38F29B-1923-48D8-A0D8-4D024E946739}.Ad-Hoc|iPhone.Build.0 = Release|Any CPU
		{6E38F29B-1923-48D8-A0D8-4D024E946739}.Ad-Hoc|iPhone.Deploy.0 = Release|Any CPU
		{6E38F29B-1923-48D8-A0D8-4D024E946739}.Ad-Hoc|iPhoneSimulator.ActiveCfg = Release|Any CPU
		{6E38F29B-1923-48D8-A0D8-4D024E946739}.Ad-Hoc|iPhoneSimulator.Build.0 = Release|Any CPU
		{6E38F29B-1923-48D8-A0D8-4D024E946739}.Ad-Hoc|iPhoneSimulator.Deploy.0 = Release|Any CPU
		{6E38F29B-1923-48D8-A0D8-4D024E946739}.Ad-Hoc|x64.ActiveCfg = Release|Any CPU
		{6E38F29B-1923-48D8-A0D8-4D024E946739}.Ad-Hoc|x64.Build.0 = Release|Any CPU
		{6E38F29B-1923-48D8-A0D8-4D024E946739}.Ad-Hoc|x64.Deploy.0 = Release|Any CPU
		{6E38F29B-1923-48D8-A0D8-4D024E946739}.Ad-Hoc|x86.ActiveCfg = Release|x86
		{6E38F29B-1923-48D8-A0D8-4D024E946739}.Ad-Hoc|x86.Build.0 = Release|x86
		{6E38F29B-1923-48D8-A0D8-4D024E946739}.Ad-Hoc|x86.Deploy.0 = Release|x86
		{6E38F29B-1923-48D8-A0D8-4D024E946739}.AppStore|Any CPU.ActiveCfg = Release|Any CPU
		{6E38F29B-1923-48D8-A0D8-4D024E946739}.AppStore|Any CPU.Build.0 = Release|Any CPU
		{6E38F29B-1923-48D8-A0D8-4D024E946739}.AppStore|Any CPU.Deploy.0 = Release|Any CPU
		{6E38F29B-1923-48D8-A0D8-4D024E946739}.AppStore|ARM.ActiveCfg = Release|ARM
		{6E38F29B-1923-48D8-A0D8-4D024E946739}.AppStore|ARM.Build.0 = Release|ARM
		{6E38F29B-1923-48D8-A0D8-4D024E946739}.AppStore|ARM.Deploy.0 = Release|ARM
		{6E38F29B-1923-48D8-A0D8-4D024E946739}.AppStore|iPhone.ActiveCfg = Release|Any CPU
		{6E38F29B-1923-48D8-A0D8-4D024E946739}.AppStore|iPhone.Build.0 = Release|Any CPU
		{6E38F29B-1923-48D8-A0D8-4D024E946739}.AppStore|iPhone.Deploy.0 = Release|Any CPU
		{6E38F29B-1923-48D8-A0D8-4D024E946739}.AppStore|iPhoneSimulator.ActiveCfg = Release|Any CPU
		{6E38F29B-1923-48D8-A0D8-4D024E946739}.AppStore|iPhoneSimulator.Build.0 = Release|Any CPU
		{6E38F29B-1923-48D8-A0D8-4D024E946739}.AppStore|iPhoneSimulator.Deploy.0 = Release|Any CPU
		{6E38F29B-1923-48D8-A0D8-4D024E946739}.AppStore|x64.ActiveCfg = Release|Any CPU
		{6E38F29B-1923-48D8-A0D8-4D024E946739}.AppStore|x64.Build.0 = Release|Any CPU
		{6E38F29B-1923-48D8-A0D8-4D024E946739}.AppStore|x64.Deploy.0 = Release|Any CPU
		{6E38F29B-1923-48D8-A0D8-4D024E946739}.AppStore|x86.ActiveCfg = Release|x86
		{6E38F29B-1923-48D8-A0D8-4D024E946739}.AppStore|x86.Build.0 = Release|x86
		{6E38F29B-1923-48D8-A0D8-4D024E946739}.AppStore|x86.Deploy.0 = Release|x86
		{6E38F29B-1923-48D8-A0D8-4D024E946739}.Debug|Any CPU.ActiveCfg = Debug|Any CPU
		{6E38F29B-1923-48D8-A0D8-4D024E946739}.Debug|Any CPU.Build.0 = Debug|Any CPU
		{6E38F29B-1923-48D8-A0D8-4D024E946739}.Debug|Any CPU.Deploy.0 = Debug|Any CPU
		{6E38F29B-1923-48D8-A0D8-4D024E946739}.Debug|ARM.ActiveCfg = Debug|ARM
		{6E38F29B-1923-48D8-A0D8-4D024E946739}.Debug|ARM.Build.0 = Debug|ARM
		{6E38F29B-1923-48D8-A0D8-4D024E946739}.Debug|ARM.Deploy.0 = Debug|ARM
		{6E38F29B-1923-48D8-A0D8-4D024E946739}.Debug|iPhone.ActiveCfg = Debug|Any CPU
		{6E38F29B-1923-48D8-A0D8-4D024E946739}.Debug|iPhone.Build.0 = Debug|Any CPU
		{6E38F29B-1923-48D8-A0D8-4D024E946739}.Debug|iPhone.Deploy.0 = Debug|Any CPU
		{6E38F29B-1923-48D8-A0D8-4D024E946739}.Debug|iPhoneSimulator.ActiveCfg = Debug|Any CPU
		{6E38F29B-1923-48D8-A0D8-4D024E946739}.Debug|iPhoneSimulator.Build.0 = Debug|Any CPU
		{6E38F29B-1923-48D8-A0D8-4D024E946739}.Debug|iPhoneSimulator.Deploy.0 = Debug|Any CPU
		{6E38F29B-1923-48D8-A0D8-4D024E946739}.Debug|x64.ActiveCfg = Debug|Any CPU
		{6E38F29B-1923-48D8-A0D8-4D024E946739}.Debug|x64.Build.0 = Debug|Any CPU
		{6E38F29B-1923-48D8-A0D8-4D024E946739}.Debug|x64.Deploy.0 = Debug|Any CPU
		{6E38F29B-1923-48D8-A0D8-4D024E946739}.Debug|x86.ActiveCfg = Debug|x86
		{6E38F29B-1923-48D8-A0D8-4D024E946739}.Debug|x86.Build.0 = Debug|x86
		{6E38F29B-1923-48D8-A0D8-4D024E946739}.Debug|x86.Deploy.0 = Debug|x86
		{6E38F29B-1923-48D8-A0D8-4D024E946739}.Release|Any CPU.ActiveCfg = Release|Any CPU
		{6E38F29B-1923-48D8-A0D8-4D024E946739}.Release|Any CPU.Build.0 = Release|Any CPU
		{6E38F29B-1923-48D8-A0D8-4D024E946739}.Release|Any CPU.Deploy.0 = Release|Any CPU
		{6E38F29B-1923-48D8-A0D8-4D024E946739}.Release|ARM.ActiveCfg = Release|ARM
		{6E38F29B-1923-48D8-A0D8-4D024E946739}.Release|ARM.Build.0 = Release|ARM
		{6E38F29B-1923-48D8-A0D8-4D024E946739}.Release|ARM.Deploy.0 = Release|ARM
		{6E38F29B-1923-48D8-A0D8-4D024E946739}.Release|iPhone.ActiveCfg = Release|Any CPU
		{6E38F29B-1923-48D8-A0D8-4D024E946739}.Release|iPhone.Build.0 = Release|Any CPU
		{6E38F29B-1923-48D8-A0D8-4D024E946739}.Release|iPhone.Deploy.0 = Release|Any CPU
		{6E38F29B-1923-48D8-A0D8-4D024E946739}.Release|iPhoneSimulator.ActiveCfg = Release|Any CPU
		{6E38F29B-1923-48D8-A0D8-4D024E946739}.Release|iPhoneSimulator.Build.0 = Release|Any CPU
		{6E38F29B-1923-48D8-A0D8-4D024E946739}.Release|iPhoneSimulator.Deploy.0 = Release|Any CPU
		{6E38F29B-1923-48D8-A0D8-4D024E946739}.Release|x64.ActiveCfg = Release|Any CPU
		{6E38F29B-1923-48D8-A0D8-4D024E946739}.Release|x64.Build.0 = Release|Any CPU
		{6E38F29B-1923-48D8-A0D8-4D024E946739}.Release|x64.Deploy.0 = Release|Any CPU
		{6E38F29B-1923-48D8-A0D8-4D024E946739}.Release|x86.ActiveCfg = Release|x86
		{6E38F29B-1923-48D8-A0D8-4D024E946739}.Release|x86.Build.0 = Release|x86
		{6E38F29B-1923-48D8-A0D8-4D024E946739}.Release|x86.Deploy.0 = Release|x86
		{DF178735-6985-4646-B718-4BBE4A3D47E3}.Ad-Hoc|Any CPU.ActiveCfg = Release|x86
		{DF178735-6985-4646-B718-4BBE4A3D47E3}.Ad-Hoc|Any CPU.Build.0 = Release|x86
		{DF178735-6985-4646-B718-4BBE4A3D47E3}.Ad-Hoc|Any CPU.Deploy.0 = Release|x86
		{DF178735-6985-4646-B718-4BBE4A3D47E3}.Ad-Hoc|ARM.ActiveCfg = Release|ARM
		{DF178735-6985-4646-B718-4BBE4A3D47E3}.Ad-Hoc|ARM.Build.0 = Release|ARM
		{DF178735-6985-4646-B718-4BBE4A3D47E3}.Ad-Hoc|ARM.Deploy.0 = Release|ARM
		{DF178735-6985-4646-B718-4BBE4A3D47E3}.Ad-Hoc|iPhone.ActiveCfg = Release|x86
		{DF178735-6985-4646-B718-4BBE4A3D47E3}.Ad-Hoc|iPhone.Build.0 = Release|x86
		{DF178735-6985-4646-B718-4BBE4A3D47E3}.Ad-Hoc|iPhone.Deploy.0 = Release|x86
		{DF178735-6985-4646-B718-4BBE4A3D47E3}.Ad-Hoc|iPhoneSimulator.ActiveCfg = Release|x86
		{DF178735-6985-4646-B718-4BBE4A3D47E3}.Ad-Hoc|iPhoneSimulator.Build.0 = Release|x86
		{DF178735-6985-4646-B718-4BBE4A3D47E3}.Ad-Hoc|iPhoneSimulator.Deploy.0 = Release|x86
		{DF178735-6985-4646-B718-4BBE4A3D47E3}.Ad-Hoc|x64.ActiveCfg = Release|x64
		{DF178735-6985-4646-B718-4BBE4A3D47E3}.Ad-Hoc|x64.Build.0 = Release|x64
		{DF178735-6985-4646-B718-4BBE4A3D47E3}.Ad-Hoc|x64.Deploy.0 = Release|x64
		{DF178735-6985-4646-B718-4BBE4A3D47E3}.Ad-Hoc|x86.ActiveCfg = Release|x86
		{DF178735-6985-4646-B718-4BBE4A3D47E3}.Ad-Hoc|x86.Build.0 = Release|x86
		{DF178735-6985-4646-B718-4BBE4A3D47E3}.Ad-Hoc|x86.Deploy.0 = Release|x86
		{DF178735-6985-4646-B718-4BBE4A3D47E3}.AppStore|Any CPU.ActiveCfg = Release|x86
		{DF178735-6985-4646-B718-4BBE4A3D47E3}.AppStore|Any CPU.Build.0 = Release|x86
		{DF178735-6985-4646-B718-4BBE4A3D47E3}.AppStore|Any CPU.Deploy.0 = Release|x86
		{DF178735-6985-4646-B718-4BBE4A3D47E3}.AppStore|ARM.ActiveCfg = Release|ARM
		{DF178735-6985-4646-B718-4BBE4A3D47E3}.AppStore|ARM.Build.0 = Release|ARM
		{DF178735-6985-4646-B718-4BBE4A3D47E3}.AppStore|ARM.Deploy.0 = Release|ARM
		{DF178735-6985-4646-B718-4BBE4A3D47E3}.AppStore|iPhone.ActiveCfg = Release|x86
		{DF178735-6985-4646-B718-4BBE4A3D47E3}.AppStore|iPhone.Build.0 = Release|x86
		{DF178735-6985-4646-B718-4BBE4A3D47E3}.AppStore|iPhone.Deploy.0 = Release|x86
		{DF178735-6985-4646-B718-4BBE4A3D47E3}.AppStore|iPhoneSimulator.ActiveCfg = Release|x86
		{DF178735-6985-4646-B718-4BBE4A3D47E3}.AppStore|iPhoneSimulator.Build.0 = Release|x86
		{DF178735-6985-4646-B718-4BBE4A3D47E3}.AppStore|iPhoneSimulator.Deploy.0 = Release|x86
		{DF178735-6985-4646-B718-4BBE4A3D47E3}.AppStore|x64.ActiveCfg = Release|x64
		{DF178735-6985-4646-B718-4BBE4A3D47E3}.AppStore|x64.Build.0 = Release|x64
		{DF178735-6985-4646-B718-4BBE4A3D47E3}.AppStore|x64.Deploy.0 = Release|x64
		{DF178735-6985-4646-B718-4BBE4A3D47E3}.AppStore|x86.ActiveCfg = Release|x86
		{DF178735-6985-4646-B718-4BBE4A3D47E3}.AppStore|x86.Build.0 = Release|x86
		{DF178735-6985-4646-B718-4BBE4A3D47E3}.AppStore|x86.Deploy.0 = Release|x86
		{DF178735-6985-4646-B718-4BBE4A3D47E3}.Debug|Any CPU.ActiveCfg = Debug|x86
		{DF178735-6985-4646-B718-4BBE4A3D47E3}.Debug|ARM.ActiveCfg = Debug|ARM
		{DF178735-6985-4646-B718-4BBE4A3D47E3}.Debug|ARM.Build.0 = Debug|ARM
		{DF178735-6985-4646-B718-4BBE4A3D47E3}.Debug|ARM.Deploy.0 = Debug|ARM
		{DF178735-6985-4646-B718-4BBE4A3D47E3}.Debug|iPhone.ActiveCfg = Debug|x86
		{DF178735-6985-4646-B718-4BBE4A3D47E3}.Debug|iPhoneSimulator.ActiveCfg = Debug|x86
		{DF178735-6985-4646-B718-4BBE4A3D47E3}.Debug|x64.ActiveCfg = Debug|x64
		{DF178735-6985-4646-B718-4BBE4A3D47E3}.Debug|x64.Build.0 = Debug|x64
		{DF178735-6985-4646-B718-4BBE4A3D47E3}.Debug|x64.Deploy.0 = Debug|x64
		{DF178735-6985-4646-B718-4BBE4A3D47E3}.Debug|x86.ActiveCfg = Debug|x86
		{DF178735-6985-4646-B718-4BBE4A3D47E3}.Debug|x86.Build.0 = Debug|x86
		{DF178735-6985-4646-B718-4BBE4A3D47E3}.Debug|x86.Deploy.0 = Debug|x86
		{DF178735-6985-4646-B718-4BBE4A3D47E3}.Release|Any CPU.ActiveCfg = Release|x86
		{DF178735-6985-4646-B718-4BBE4A3D47E3}.Release|ARM.ActiveCfg = Release|ARM
		{DF178735-6985-4646-B718-4BBE4A3D47E3}.Release|ARM.Build.0 = Release|ARM
		{DF178735-6985-4646-B718-4BBE4A3D47E3}.Release|ARM.Deploy.0 = Release|ARM
		{DF178735-6985-4646-B718-4BBE4A3D47E3}.Release|iPhone.ActiveCfg = Release|x86
		{DF178735-6985-4646-B718-4BBE4A3D47E3}.Release|iPhoneSimulator.ActiveCfg = Release|x86
		{DF178735-6985-4646-B718-4BBE4A3D47E3}.Release|x64.ActiveCfg = Release|x64
		{DF178735-6985-4646-B718-4BBE4A3D47E3}.Release|x64.Build.0 = Release|x64
		{DF178735-6985-4646-B718-4BBE4A3D47E3}.Release|x64.Deploy.0 = Release|x64
		{DF178735-6985-4646-B718-4BBE4A3D47E3}.Release|x86.ActiveCfg = Release|x86
		{DF178735-6985-4646-B718-4BBE4A3D47E3}.Release|x86.Build.0 = Release|x86
		{DF178735-6985-4646-B718-4BBE4A3D47E3}.Release|x86.Deploy.0 = Release|x86
		{24F276DD-3320-4650-A702-EA26B2771604}.Ad-Hoc|Any CPU.ActiveCfg = Release|Any CPU
		{24F276DD-3320-4650-A702-EA26B2771604}.Ad-Hoc|Any CPU.Build.0 = Release|Any CPU
		{24F276DD-3320-4650-A702-EA26B2771604}.Ad-Hoc|Any CPU.Deploy.0 = Release|Any CPU
		{24F276DD-3320-4650-A702-EA26B2771604}.Ad-Hoc|ARM.ActiveCfg = Release|ARM
		{24F276DD-3320-4650-A702-EA26B2771604}.Ad-Hoc|ARM.Build.0 = Release|ARM
		{24F276DD-3320-4650-A702-EA26B2771604}.Ad-Hoc|ARM.Deploy.0 = Release|ARM
		{24F276DD-3320-4650-A702-EA26B2771604}.Ad-Hoc|iPhone.ActiveCfg = Release|Any CPU
		{24F276DD-3320-4650-A702-EA26B2771604}.Ad-Hoc|iPhone.Build.0 = Release|Any CPU
		{24F276DD-3320-4650-A702-EA26B2771604}.Ad-Hoc|iPhone.Deploy.0 = Release|Any CPU
		{24F276DD-3320-4650-A702-EA26B2771604}.Ad-Hoc|iPhoneSimulator.ActiveCfg = Release|Any CPU
		{24F276DD-3320-4650-A702-EA26B2771604}.Ad-Hoc|iPhoneSimulator.Build.0 = Release|Any CPU
		{24F276DD-3320-4650-A702-EA26B2771604}.Ad-Hoc|iPhoneSimulator.Deploy.0 = Release|Any CPU
		{24F276DD-3320-4650-A702-EA26B2771604}.Ad-Hoc|x64.ActiveCfg = Release|x64
		{24F276DD-3320-4650-A702-EA26B2771604}.Ad-Hoc|x64.Build.0 = Release|x64
		{24F276DD-3320-4650-A702-EA26B2771604}.Ad-Hoc|x64.Deploy.0 = Release|x64
		{24F276DD-3320-4650-A702-EA26B2771604}.Ad-Hoc|x86.ActiveCfg = Release|x86
		{24F276DD-3320-4650-A702-EA26B2771604}.Ad-Hoc|x86.Build.0 = Release|x86
		{24F276DD-3320-4650-A702-EA26B2771604}.Ad-Hoc|x86.Deploy.0 = Release|x86
		{24F276DD-3320-4650-A702-EA26B2771604}.AppStore|Any CPU.ActiveCfg = Release|Any CPU
		{24F276DD-3320-4650-A702-EA26B2771604}.AppStore|Any CPU.Build.0 = Release|Any CPU
		{24F276DD-3320-4650-A702-EA26B2771604}.AppStore|Any CPU.Deploy.0 = Release|Any CPU
		{24F276DD-3320-4650-A702-EA26B2771604}.AppStore|ARM.ActiveCfg = Release|ARM
		{24F276DD-3320-4650-A702-EA26B2771604}.AppStore|ARM.Build.0 = Release|ARM
		{24F276DD-3320-4650-A702-EA26B2771604}.AppStore|ARM.Deploy.0 = Release|ARM
		{24F276DD-3320-4650-A702-EA26B2771604}.AppStore|iPhone.ActiveCfg = Release|Any CPU
		{24F276DD-3320-4650-A702-EA26B2771604}.AppStore|iPhone.Build.0 = Release|Any CPU
		{24F276DD-3320-4650-A702-EA26B2771604}.AppStore|iPhone.Deploy.0 = Release|Any CPU
		{24F276DD-3320-4650-A702-EA26B2771604}.AppStore|iPhoneSimulator.ActiveCfg = Release|Any CPU
		{24F276DD-3320-4650-A702-EA26B2771604}.AppStore|iPhoneSimulator.Build.0 = Release|Any CPU
		{24F276DD-3320-4650-A702-EA26B2771604}.AppStore|iPhoneSimulator.Deploy.0 = Release|Any CPU
		{24F276DD-3320-4650-A702-EA26B2771604}.AppStore|x64.ActiveCfg = Release|x64
		{24F276DD-3320-4650-A702-EA26B2771604}.AppStore|x64.Build.0 = Release|x64
		{24F276DD-3320-4650-A702-EA26B2771604}.AppStore|x64.Deploy.0 = Release|x64
		{24F276DD-3320-4650-A702-EA26B2771604}.AppStore|x86.ActiveCfg = Release|x86
		{24F276DD-3320-4650-A702-EA26B2771604}.AppStore|x86.Build.0 = Release|x86
		{24F276DD-3320-4650-A702-EA26B2771604}.AppStore|x86.Deploy.0 = Release|x86
		{24F276DD-3320-4650-A702-EA26B2771604}.Debug|Any CPU.ActiveCfg = Debug|Any CPU
		{24F276DD-3320-4650-A702-EA26B2771604}.Debug|Any CPU.Build.0 = Debug|Any CPU
		{24F276DD-3320-4650-A702-EA26B2771604}.Debug|Any CPU.Deploy.0 = Debug|Any CPU
		{24F276DD-3320-4650-A702-EA26B2771604}.Debug|ARM.ActiveCfg = Debug|ARM
		{24F276DD-3320-4650-A702-EA26B2771604}.Debug|ARM.Build.0 = Debug|ARM
		{24F276DD-3320-4650-A702-EA26B2771604}.Debug|ARM.Deploy.0 = Debug|ARM
		{24F276DD-3320-4650-A702-EA26B2771604}.Debug|iPhone.ActiveCfg = Debug|Any CPU
		{24F276DD-3320-4650-A702-EA26B2771604}.Debug|iPhone.Build.0 = Debug|Any CPU
		{24F276DD-3320-4650-A702-EA26B2771604}.Debug|iPhone.Deploy.0 = Debug|Any CPU
		{24F276DD-3320-4650-A702-EA26B2771604}.Debug|iPhoneSimulator.ActiveCfg = Debug|Any CPU
		{24F276DD-3320-4650-A702-EA26B2771604}.Debug|iPhoneSimulator.Build.0 = Debug|Any CPU
		{24F276DD-3320-4650-A702-EA26B2771604}.Debug|iPhoneSimulator.Deploy.0 = Debug|Any CPU
		{24F276DD-3320-4650-A702-EA26B2771604}.Debug|x64.ActiveCfg = Debug|x64
		{24F276DD-3320-4650-A702-EA26B2771604}.Debug|x64.Build.0 = Debug|x64
		{24F276DD-3320-4650-A702-EA26B2771604}.Debug|x64.Deploy.0 = Debug|x64
		{24F276DD-3320-4650-A702-EA26B2771604}.Debug|x86.ActiveCfg = Debug|x86
		{24F276DD-3320-4650-A702-EA26B2771604}.Debug|x86.Build.0 = Debug|x86
		{24F276DD-3320-4650-A702-EA26B2771604}.Debug|x86.Deploy.0 = Debug|x86
		{24F276DD-3320-4650-A702-EA26B2771604}.Release|Any CPU.ActiveCfg = Release|Any CPU
		{24F276DD-3320-4650-A702-EA26B2771604}.Release|Any CPU.Build.0 = Release|Any CPU
		{24F276DD-3320-4650-A702-EA26B2771604}.Release|Any CPU.Deploy.0 = Release|Any CPU
		{24F276DD-3320-4650-A702-EA26B2771604}.Release|ARM.ActiveCfg = Release|ARM
		{24F276DD-3320-4650-A702-EA26B2771604}.Release|ARM.Build.0 = Release|ARM
		{24F276DD-3320-4650-A702-EA26B2771604}.Release|ARM.Deploy.0 = Release|ARM
		{24F276DD-3320-4650-A702-EA26B2771604}.Release|iPhone.ActiveCfg = Release|Any CPU
		{24F276DD-3320-4650-A702-EA26B2771604}.Release|iPhone.Build.0 = Release|Any CPU
		{24F276DD-3320-4650-A702-EA26B2771604}.Release|iPhone.Deploy.0 = Release|Any CPU
		{24F276DD-3320-4650-A702-EA26B2771604}.Release|iPhoneSimulator.ActiveCfg = Release|Any CPU
		{24F276DD-3320-4650-A702-EA26B2771604}.Release|iPhoneSimulator.Build.0 = Release|Any CPU
		{24F276DD-3320-4650-A702-EA26B2771604}.Release|iPhoneSimulator.Deploy.0 = Release|Any CPU
		{24F276DD-3320-4650-A702-EA26B2771604}.Release|x64.ActiveCfg = Release|x64
		{24F276DD-3320-4650-A702-EA26B2771604}.Release|x64.Build.0 = Release|x64
		{24F276DD-3320-4650-A702-EA26B2771604}.Release|x64.Deploy.0 = Release|x64
		{24F276DD-3320-4650-A702-EA26B2771604}.Release|x86.ActiveCfg = Release|x86
		{24F276DD-3320-4650-A702-EA26B2771604}.Release|x86.Build.0 = Release|x86
		{24F276DD-3320-4650-A702-EA26B2771604}.Release|x86.Deploy.0 = Release|x86
	EndGlobalSection
	GlobalSection(SolutionProperties) = preSolution
		HideSolutionNode = FALSE
	EndGlobalSection
EndGlobal
